
Microsoft Visual Studio Solution File, Format Version 12.00
# Visual Studio Version 17
VisualStudioVersion = 17.9.34701.34
MinimumVisualStudioVersion = 10.0.40219.1
Project("{FAE04EC0-301F-11D3-BF4B-00C04F79EFBC}") = "MongoCRUD", "MongoCRUD\MongoCRUD.csproj", "{673F793A-5B66-499E-8303-8A9F1CC1878E}"
EndProject
Global
	GlobalSection(SolutionConfigurationPlatforms) = preSolution
		Debug|Any CPU = Debug|Any CPU
		Release|Any CPU = Release|Any CPU
	EndGlobalSection
	GlobalSection(ProjectConfigurationPlatforms) = postSolution
		{673F793A-5B66-499E-8303-8A9F1CC1878E}.Debug|Any CPU.ActiveCfg = Debug|Any CPU
		{673F793A-5B66-499E-8303-8A9F1CC1878E}.Debug|Any CPU.Build.0 = Debug|Any CPU
		{673F793A-5B66-499E-8303-8A9F1CC1878E}.Release|Any CPU.ActiveCfg = Release|Any CPU
		{673F793A-5B66-499E-8303-8A9F1CC1878E}.Release|Any CPU.Build.0 = Release|Any CPU
	EndGlobalSection
	GlobalSection(SolutionProperties) = preSolution
		HideSolutionNode = FALSE
	EndGlobalSection
	GlobalSection(ExtensibilityGlobals) = postSolution
		SolutionGuid = {E4C440F7-B5F7-4E2E-AEE0-42ABF279DA21}
	EndGlobalSection
EndGlobal
